
Microsoft Visual Studio Solution File, Format Version 12.00
# Visual Studio 15
VisualStudioVersion = 15.0.28010.2003
MinimumVisualStudioVersion = 10.0.40219.1
Project("{FAE04EC0-301F-11D3-BF4B-00C04F79EFBC}") = "CSharp side", "CSharp side\CSharp side.csproj", "{850E6EC9-15AB-424F-8224-50E89E70543E}"
EndProject
Project("{FAE04EC0-301F-11D3-BF4B-00C04F79EFBC}") = "Rust Side", "Rust Side\Rust Side.csproj", "{5F4C9323-C5AE-4343-8F9C-F38DB9AE255A}"
EndProject
Global
	GlobalSection(SolutionConfigurationPlatforms) = preSolution
		Debug|Any CPU = Debug|Any CPU
		Release|Any CPU = Release|Any CPU
	EndGlobalSection
	GlobalSection(ProjectConfigurationPlatforms) = postSolution
		{850E6EC9-15AB-424F-8224-50E89E70543E}.Debug|Any CPU.ActiveCfg = Debug|Any CPU
		{850E6EC9-15AB-424F-8224-50E89E70543E}.Debug|Any CPU.Build.0 = Debug|Any CPU
		{850E6EC9-15AB-424F-8224-50E89E70543E}.Release|Any CPU.ActiveCfg = Release|Any CPU
		{850E6EC9-15AB-424F-8224-50E89E70543E}.Release|Any CPU.Build.0 = Release|Any CPU
		{5F4C9323-C5AE-4343-8F9C-F38DB9AE255A}.Debug|Any CPU.ActiveCfg = Debug|x64
		{5F4C9323-C5AE-4343-8F9C-F38DB9AE255A}.Debug|Any CPU.Build.0 = Debug|x64
		{5F4C9323-C5AE-4343-8F9C-F38DB9AE255A}.Release|Any CPU.ActiveCfg = Release|x64
		{5F4C9323-C5AE-4343-8F9C-F38DB9AE255A}.Release|Any CPU.Build.0 = Release|x64
	EndGlobalSection
	GlobalSection(SolutionProperties) = preSolution
		HideSolutionNode = FALSE
	EndGlobalSection
	GlobalSection(ExtensibilityGlobals) = postSolution
		SolutionGuid = {FABE1AD3-5820-490A-81A0-6AFE8D2F7085}
	EndGlobalSection
EndGlobal
